{
  "originHash" : "9e02960257f978d72d25f18eab0370f571ac40fa81184f52d178cbaf007984c1",
  "pins" : [
    {
      "identity" : "action-cards-swiftui-sdk-releases",
      "kind" : "remoteSourceControl",
      "location" : "https://github.com/atomic-app/action-cards-swiftui-sdk-releases",
      "state" : {
        "revision" : "a520b04c2b2565767f81d4d4fd5eee0034893e23",
        "version" : "24.2.0"
      }
    }
  ],
  "version" : 3
}
