{
  "pins" : [
    {
      "identity" : "action-cards-ios-sdk-releases",
      "kind" : "remoteSourceControl",
      "location" : "https://github.com/atomic-app/action-cards-ios-sdk-releases",
      "state" : {
        "revision" : "8fdb857613d87ab264a9230a77dca9c62bbdbf1e",
        "version" : "23.3.1"
      }
    }
  ],
  "version" : 2
}
